
Microsoft Visual Studio Solution File, Format Version 12.00
# Visual Studio 2012
Project("{FAE04EC0-301F-11D3-BF4B-00C04F79EFBC}") = "MP4Encoder", "MP4Encoder\MP4Encoder.csproj", "{AB270FCF-3B98-4DD3-AE2B-7CD538E4AE62}"
EndProject
Project("{FAE04EC0-301F-11D3-BF4B-00C04F79EFBC}") = "MP4EncoderTester", "MP4EncoderTester\MP4EncoderTester.csproj", "{1320E7AE-2D0B-4452-9C4F-FCF0A792D1F7}"
EndProject
Global
	GlobalSection(SolutionConfigurationPlatforms) = preSolution
		Debug|Any CPU = Debug|Any CPU
		Release|Any CPU = Release|Any CPU
	EndGlobalSection
	GlobalSection(ProjectConfigurationPlatforms) = postSolution
		{AB270FCF-3B98-4DD3-AE2B-7CD538E4AE62}.Debug|Any CPU.ActiveCfg = Debug|Any CPU
		{AB270FCF-3B98-4DD3-AE2B-7CD538E4AE62}.Debug|Any CPU.Build.0 = Debug|Any CPU
		{AB270FCF-3B98-4DD3-AE2B-7CD538E4AE62}.Release|Any CPU.ActiveCfg = Release|Any CPU
		{AB270FCF-3B98-4DD3-AE2B-7CD538E4AE62}.Release|Any CPU.Build.0 = Release|Any CPU
		{1320E7AE-2D0B-4452-9C4F-FCF0A792D1F7}.Debug|Any CPU.ActiveCfg = Debug|Any CPU
		{1320E7AE-2D0B-4452-9C4F-FCF0A792D1F7}.Debug|Any CPU.Build.0 = Debug|Any CPU
		{1320E7AE-2D0B-4452-9C4F-FCF0A792D1F7}.Release|Any CPU.ActiveCfg = Release|Any CPU
		{1320E7AE-2D0B-4452-9C4F-FCF0A792D1F7}.Release|Any CPU.Build.0 = Release|Any CPU
	EndGlobalSection
	GlobalSection(SolutionProperties) = preSolution
		HideSolutionNode = FALSE
	EndGlobalSection
EndGlobal
